<?xml version="1.0" encoding="utf-8"?>
<Project ToolsVersion="4.0" xmlns="http://schemas.microsoft.com/developer/msbuild/2003">
  <ItemGroup>
    <Filter Include="Source Files">
      <UniqueIdentifier>{4FC737F1-C7A5-4376-A066-2A32D752A2FF}</UniqueIdentifier>
      <Extensions>cpp;c;cc;cxx;def;odl;idl;hpj;bat;asm;asmx</Extensions>
    </Filter>
    <Filter Include="Header Files">
      <UniqueIdentifier>{93995380-89BD-4b04-88EB-625FBE52EBFB}</UniqueIdentifier>
      <Extensions>h;hh;hpp;hxx;hm;inl;inc;ipp;xsd</Extensions>
    </Filter>
    <Filter Include="Resource Files">
      <UniqueIdentifier>{67DA6AB6-F800-4c08-8B7A-83BB121AAD01}</UniqueIdentifier>
      <Extensions>rc;ico;cur;bmp;dlg;rc2;rct;bin;rgs;gif;jpg;jpeg;jpe;resx;tiff;tif;png;wav;mfcribbon-ms</Extensions>
    </Filter>
  </ItemGroup>
  <ItemGroup>
    <ClCompile Include="..\game\Alien.cpp">
      <Filter>Source Files</Filter>
    </ClCompile>
    <ClCompile Include="..\game\AlienLaser.cpp">
      <Filter>Source Files</Filter>
    </ClCompile>
    <ClCompile Include="..\game\Background.cpp">
      <Filter>Source Files</Filter>
    </ClCompile>
    <ClCompile Include="..\game\Engine.cpp">
      <Filter>Source Files</Filter>
    </ClCompile>
    <ClCompile Include="..\game\Explosion.cpp">
      <Filter>Source Files</Filter>
    </ClCompile>
    <ClCompile Include="..\game\GameScene.cpp">
      <Filter>Source Files</Filter>
    </ClCompile>
    <ClCompile Include="..\game\main.cpp">
      <Filter>Source Files</Filter>
    </ClCompile>
    <ClCompile Include="..\game\MenuScene.cpp">
      <Filter>Source Files</Filter>
    </ClCompile>
    <ClCompile Include="..\game\Player.cpp">
      <Filter>Source Files</Filter>
    </ClCompile>
    <ClCompile Include="..\game\PlayerLaser.cpp">
      <Filter>Source Files</Filter>
    </ClCompile>
    <ClCompile Include="..\game\Random.cpp">
      <Filter>Source Files</Filter>
    </ClCompile>
    <ClCompile Include="..\game\ScoreHelper.cpp">
      <Filter>Source Files</Filter>
    </ClCompile>
    <ClCompile Include="..\game\SplashScene.cpp">
      <Filter>Source Files</Filter>
    </ClCompile>
    <ClCompile Include="..\game\olc.cpp">
      <Filter>Source Files</Filter>
    </ClCompile>
  </ItemGroup>
  <ItemGroup>
    <ClInclude Include="..\game\Alien.h">
      <Filter>Source Files</Filter>
    </ClInclude>
    <ClInclude Include="..\game\AlienLaser.h">
      <Filter>Source Files</Filter>
    </ClInclude>
    <ClInclude Include="..\game\Background.h">
      <Filter>Source Files</Filter>
    </ClInclude>
    <ClInclude Include="..\game\Engine.h">
      <Filter>Source Files</Filter>
    </ClInclude>
    <ClInclude Include="..\game\Explosion.h">
      <Filter>Source Files</Filter>
    </ClInclude>
    <ClInclude Include="..\game\GameObject.h">
      <Filter>Source Files</Filter>
    </ClInclude>
    <ClInclude Include="..\game\GameScene.h">
      <Filter>Source Files</Filter>
    </ClInclude>
    <ClInclude Include="..\game\Input.h">
      <Filter>Source Files</Filter>
    </ClInclude>
    <ClInclude Include="..\game\Macros.h">
      <Filter>Source Files</Filter>
    </ClInclude>
    <ClInclude Include="..\game\MenuScene.h">
      <Filter>Source Files</Filter>
    </ClInclude>
    <ClInclude Include="..\game\olc.h">
      <Filter>Source Files</Filter>
    </ClInclude>
    <ClInclude Include="..\game\Player.h">
      <Filter>Source Files</Filter>
    </ClInclude>
    <ClInclude Include="..\game\PlayerLaser.h">
      <Filter>Source Files</Filter>
    </ClInclude>
    <ClInclude Include="..\game\Random.h">
      <Filter>Source Files</Filter>
    </ClInclude>
    <ClInclude Include="..\game\Scene.h">
      <Filter>Source Files</Filter>
    </ClInclude>
    <ClInclude Include="..\game\ScoreHelper.h">
      <Filter>Source Files</Filter>
    </ClInclude>
    <ClInclude Include="..\game\SplashScene.h">
      <Filter>Source Files</Filter>
    </ClInclude>
    <ClInclude Include="..\game\Sprite.h">
      <Filter>Source Files</Filter>
    </ClInclude>
    <ClInclude Include="..\game\Vec2.h">
      <Filter>Source Files</Filter>
    </ClInclude>
  </ItemGroup>
</Project>